
Microsoft Visual Studio Solution File, Format Version 12.00
# Visual Studio 2015
Project("{FAE04EC0-301F-11D3-BF4B-00C04F79EFBC}") = "MemoryTest.CSharp", "MemoryTest.CSharp.csproj", "{EC5D1FBF-1222-6E63-64A2-BDC495C8F14D}"
EndProject
Project("{FAE04EC0-301F-11D3-BF4B-00C04F79EFBC}") = "MemoryTest.CSharp.Editor", "MemoryTest.CSharp.Editor.csproj", "{67BF878C-8F9E-DC64-DFC9-C87F7A989ECF}"
EndProject
Global
	GlobalSection(SolutionConfigurationPlatforms) = preSolution
		Debug|Any CPU = Debug|Any CPU
		Release|Any CPU = Release|Any CPU
	EndGlobalSection
	GlobalSection(ProjectConfigurationPlatforms) = postSolution
		{EC5D1FBF-1222-6E63-64A2-BDC495C8F14D}.Debug|Any CPU.ActiveCfg = Debug|Any CPU
		{EC5D1FBF-1222-6E63-64A2-BDC495C8F14D}.Debug|Any CPU.Build.0 = Debug|Any CPU
		{EC5D1FBF-1222-6E63-64A2-BDC495C8F14D}.Release|Any CPU.ActiveCfg = Release|Any CPU
		{EC5D1FBF-1222-6E63-64A2-BDC495C8F14D}.Release|Any CPU.Build.0 = Release|Any CPU
		{67BF878C-8F9E-DC64-DFC9-C87F7A989ECF}.Debug|Any CPU.ActiveCfg = Debug|Any CPU
		{67BF878C-8F9E-DC64-DFC9-C87F7A989ECF}.Debug|Any CPU.Build.0 = Debug|Any CPU
		{67BF878C-8F9E-DC64-DFC9-C87F7A989ECF}.Release|Any CPU.ActiveCfg = Release|Any CPU
		{67BF878C-8F9E-DC64-DFC9-C87F7A989ECF}.Release|Any CPU.Build.0 = Release|Any CPU
	EndGlobalSection
	GlobalSection(SolutionProperties) = preSolution
		HideSolutionNode = FALSE
	EndGlobalSection
EndGlobal
